
Microsoft Visual Studio Solution File, Format Version 12.00
# Visual Studio 15
VisualStudioVersion = 15.0.28307.572
MinimumVisualStudioVersion = 10.0.40219.1
Project("{8BC9CEB8-8B4A-11D0-8D11-00A0C91BC942}") = "test", "test\test.vcxproj", "{4D048708-C431-4075-96C3-C8B59982143C}"
EndProject
Global
	GlobalSection(SolutionConfigurationPlatforms) = preSolution
		Debug|x64 = Debug|x64
		Debug|x86 = Debug|x86
		Release|x64 = Release|x64
		Release|x86 = Release|x86
	EndGlobalSection
	GlobalSection(ProjectConfigurationPlatforms) = postSolution
		{4D048708-C431-4075-96C3-C8B59982143C}.Debug|x64.ActiveCfg = Debug|x64
		{4D048708-C431-4075-96C3-C8B59982143C}.Debug|x64.Build.0 = Debug|x64
		{4D048708-C431-4075-96C3-C8B59982143C}.Debug|x86.ActiveCfg = Debug|Win32
		{4D048708-C431-4075-96C3-C8B59982143C}.Debug|x86.Build.0 = Debug|Win32
		{4D048708-C431-4075-96C3-C8B59982143C}.Release|x64.ActiveCfg = Release|x64
		{4D048708-C431-4075-96C3-C8B59982143C}.Release|x64.Build.0 = Release|x64
		{4D048708-C431-4075-96C3-C8B59982143C}.Release|x86.ActiveCfg = Release|Win32
		{4D048708-C431-4075-96C3-C8B59982143C}.Release|x86.Build.0 = Release|Win32
	EndGlobalSection
	GlobalSection(SolutionProperties) = preSolution
		HideSolutionNode = FALSE
	EndGlobalSection
	GlobalSection(ExtensibilityGlobals) = postSolution
		SolutionGuid = {1F46F825-904E-400E-9A48-C1991DC205E1}
	EndGlobalSection
EndGlobal
